<?xml version="1.0" encoding="utf-8"?>
<Project ToolsVersion="4.0" xmlns="http://schemas.microsoft.com/developer/msbuild/2003">
  <ItemGroup>
    <Filter Include="Source Files">
      <UniqueIdentifier>{1c3b68ad-df76-49d2-b8f4-ffb9c67a1111}</UniqueIdentifier>
      <Extensions>cpp;c;cc;cxx;def;odl;idl;hpj;bat;asm;asmx</Extensions>
    </Filter>
    <Filter Include="Header Files">
      <UniqueIdentifier>{3b1dbd71-8e15-4b3a-955e-7c1d837ef55c}</UniqueIdentifier>
      <Extensions>h;hh;hpp;hxx;hm;inl;inc;xsd</Extensions>
    </Filter>
    <Filter Include="Resource Files">
      <UniqueIdentifier>{c9c20aef-9d46-4f5b-8a1d-17b3a8c2e995}</UniqueIdentifier>
      <Extensions>rc;ico;cur;bmp;dlg;rc2;rct;bin;rgs;gif;jpg;jpeg;jpe;resx;tiff;tif;png;wav;mfcribbon-ms</Extensions>
    </Filter>
    <Filter Include="XML Files">
      <UniqueIdentifier>{f6f73d5d-4c15-4232-bdc1-4b2f65f0a7f3}</UniqueIdentifier>
      <Extensions>xml</Extensions>
    </Filter>
  </ItemGroup>
  <ItemGroup>
    <ClCompile Include="CyclePeakLookahead.cpp">
      <Filter>Source Files</Filter>
    </ClCompile>
    <ClCompile Include="C:\Program Files\SynthEdit 1.4\se_sdk3\mp_sdk_audio.cpp">
      <Filter>Source Files</Filter>
    </ClCompile>
    <ClCompile Include="C:\Program Files\SynthEdit 1.4\se_sdk3\mp_sdk_common.cpp">
      <Filter>Source Files</Filter>
    </ClCompile>
  </ItemGroup>
  <ItemGroup>
    <ClInclude Include="CyclePeakLookahead.h">
      <Filter>Header Files</Filter>
    </ClInclude>
    <ClInclude Include="resource.h">
      <Filter>Header Files</Filter>
    </ClInclude>
    <ClInclude Include="C:\Program Files\SynthEdit 1.4\se_sdk3\mp_sdk_audio.h">
      <Filter>Header Files</Filter>
    </ClInclude>
    <ClInclude Include="C:\Program Files\SynthEdit 1.4\se_sdk3\mp_sdk_common.h">
      <Filter>Header Files</Filter>
    </ClInclude>
  </ItemGroup>
  <ItemGroup>
    <Text Include="CyclePeakLookahead.def" />
  </ItemGroup>
  <ItemGroup>
    <ResourceCompile Include="CyclePeakLookahead.rc">
      <Filter>Resource Files</Filter>
    </ResourceCompile>
  </ItemGroup>
  <ItemGroup>
    <Xml Include="CyclePeakLookahead.xml">
      <Filter>XML Files</Filter>
    </Xml>
  </ItemGroup>
</Project>